// !$*UTF8*$!
{
	archiveVersion = 1;
	classes = {
	};
	objectVersion = 77;
	objects = {

/* Begin PBXGroup section */
		8367A6E82ECD2D7C00324168 = {
			isa = PBXGroup;
			children = (
			);
			sourceTree = "<group>";
		};
/* End PBXGroup section */

/* Begin PBXProject section */
		8367A6E92ECD2D7C00324168 /* Project object */ = {
			isa = PBXProject;
			attributes = {
				BuildIndependentTargetsInParallel = 1;
				LastUpgradeCheck = 2610;
			};
			buildConfigurationList = 8367A6EC2ECD2D7C00324168 /* Build configuration list for PBXProject "SkyCoder-Scripts" */;
			developmentRegion = en;
			hasScannedForEncodings = 0;
			knownRegions = (
				en,
				Base,
			);
			mainGroup = 8367A6E82ECD2D7C00324168;
			minimizedProjectReferenceProxies = 1;
			preferredProjectObjectVersion = 77;
			projectDirPath = "";
			projectRoot = "";
			targets = (
			);
		};
/* End PBXProject section */

/* Begin XCBuildConfiguration section */
		8367A6ED2ECD2D7C00324168 /* Debug */ = {
			isa = XCBuildConfiguration;
			buildSettings = {
			};
			name = Debug;
		};
		8367A6EE2ECD2D7C00324168 /* Release */ = {
			isa = XCBuildConfiguration;
			buildSettings = {
			};
			name = Release;
		};
/* End XCBuildConfiguration section */

/* Begin XCConfigurationList section */
		8367A6EC2ECD2D7C00324168 /* Build configuration list for PBXProject "SkyCoder-Scripts" */ = {
			isa = XCConfigurationList;
			buildConfigurations = (
				8367A6ED2ECD2D7C00324168 /* Debug */,
				8367A6EE2ECD2D7C00324168 /* Release */,
			);
			defaultConfigurationIsVisible = 0;
			defaultConfigurationName = Release;
		};
/* End XCConfigurationList section */
	};
	rootObject = 8367A6E92ECD2D7C00324168 /* Project object */;
}
